// !$*UTF8*$!
{
	archiveVersion = 1;
	classes = {
	};
	objectVersion = 56;
	objects = {

/* Begin PBXBuildFile section */
		CE05B70829462A9500742390 /* DetailView.swift in Sources */ = {isa = PBXBuildFile; fileRef = CE05B70729462A9500742390 /* DetailView.swift */; };
		CE05B70A29463BDF00742390 /* DetailEditView.swift in Sources */ = {isa = PBXBuildFile; fileRef = CE05B70929463BDF00742390 /* DetailEditView.swift */; };
		CE05B70C294645F500742390 /* ThemeView.swift in Sources */ = {isa = PBXBuildFile; fileRef = CE05B70B294645F500742390 /* ThemeView.swift */; };
		CE05B70E2946469F00742390 /* ThemePicker.swift in Sources */ = {isa = PBXBuildFile; fileRef = CE05B70D2946469F00742390 /* ThemePicker.swift */; };
		CE05B71029466E2600742390 /* MeetingHeaderView.swift in Sources */ = {isa = PBXBuildFile; fileRef = CE05B70F29466E2600742390 /* MeetingHeaderView.swift */; };
		CE05B712294670B900742390 /* ScrumProgressViewStyle.swift in Sources */ = {isa = PBXBuildFile; fileRef = CE05B711294670B900742390 /* ScrumProgressViewStyle.swift */; };
		CE05B7142946712500742390 /* ScrumTimer.swift in Sources */ = {isa = PBXBuildFile; fileRef = CE05B7132946712500742390 /* ScrumTimer.swift */; };
		CE05B7162946729400742390 /* MeetingFooterView.swift in Sources */ = {isa = PBXBuildFile; fileRef = CE05B7152946729400742390 /* MeetingFooterView.swift */; };
		CE05B7182946757500742390 /* AVPlayer+Ding.swift in Sources */ = {isa = PBXBuildFile; fileRef = CE05B7172946757500742390 /* AVPlayer+Ding.swift */; };
		CE2888AC2945ECA50030B283 /* ScrumdingerApp.swift in Sources */ = {isa = PBXBuildFile; fileRef = CE2888AB2945ECA50030B283 /* ScrumdingerApp.swift */; };
		CE2888AE2945ECA50030B283 /* MeetingView.swift in Sources */ = {isa = PBXBuildFile; fileRef = CE2888AD2945ECA50030B283 /* MeetingView.swift */; };
		CE2888B02945ECA60030B283 /* Assets.xcassets in Resources */ = {isa = PBXBuildFile; fileRef = CE2888AF2945ECA60030B283 /* Assets.xcassets */; };
		CE2888B32945ECA60030B283 /* Preview Assets.xcassets in Resources */ = {isa = PBXBuildFile; fileRef = CE2888B22945ECA60030B283 /* Preview Assets.xcassets */; };
		CE2888BD2945ECA70030B283 /* ScrumdingerTests.swift in Sources */ = {isa = PBXBuildFile; fileRef = CE2888BC2945ECA70030B283 /* ScrumdingerTests.swift */; };
		CE2888C72945ECA70030B283 /* ScrumdingerUITests.swift in Sources */ = {isa = PBXBuildFile; fileRef = CE2888C62945ECA70030B283 /* ScrumdingerUITests.swift */; };
		CE2888C92945ECA70030B283 /* ScrumdingerUITestsLaunchTests.swift in Sources */ = {isa = PBXBuildFile; fileRef = CE2888C82945ECA70030B283 /* ScrumdingerUITestsLaunchTests.swift */; };
		CE2888D72945F9900030B283 /* Themes.swift in Sources */ = {isa = PBXBuildFile; fileRef = CE2888D62945F9900030B283 /* Themes.swift */; };
		CE2888D92945FACD0030B283 /* DailyScrum.swift in Sources */ = {isa = PBXBuildFile; fileRef = CE2888D82945FACD0030B283 /* DailyScrum.swift */; };
		CE2888DB2945FB8F0030B283 /* CardView.swift in Sources */ = {isa = PBXBuildFile; fileRef = CE2888DA2945FB8F0030B283 /* CardView.swift */; };
		CE2888DE29460B5A0030B283 /* TrailingIconLabelStyle.swift in Sources */ = {isa = PBXBuildFile; fileRef = CE2888DD29460B5A0030B283 /* TrailingIconLabelStyle.swift */; };
		CE2888E129460DD20030B283 /* ScrumsView.swift in Sources */ = {isa = PBXBuildFile; fileRef = CE2888E029460DD20030B283 /* ScrumsView.swift */; };
		CE7BE52D29467A32005DFBE3 /* ding.wav in Resources */ = {isa = PBXBuildFile; fileRef = CE7BE52C29467A32005DFBE3 /* ding.wav */; };
/* End PBXBuildFile section */

/* Begin PBXContainerItemProxy section */
		CE2888B92945ECA70030B283 /* PBXContainerItemProxy */ = {
			isa = PBXContainerItemProxy;
			containerPortal = CE2888A02945ECA50030B283 /* Project object */;
			proxyType = 1;
			remoteGlobalIDString = CE2888A72945ECA50030B283;
			remoteInfo = Scrumdinger;
		};
		CE2888C32945ECA70030B283 /* PBXContainerItemProxy */ = {
			isa = PBXContainerItemProxy;
			containerPortal = CE2888A02945ECA50030B283 /* Project object */;
			proxyType = 1;
			remoteGlobalIDString = CE2888A72945ECA50030B283;
			remoteInfo = Scrumdinger;
		};
/* End PBXContainerItemProxy section */

/* Begin PBXFileReference section */
		CE05B70729462A9500742390 /* DetailView.swift */ = {isa = PBXFileReference; lastKnownFileType = sourcecode.swift; path = DetailView.swift; sourceTree = "<group>"; };
		CE05B70929463BDF00742390 /* DetailEditView.swift */ = {isa = PBXFileReference; lastKnownFileType = sourcecode.swift; path = DetailEditView.swift; sourceTree = "<group>"; };
		CE05B70B294645F500742390 /* ThemeView.swift */ = {isa = PBXFileReference; lastKnownFileType = sourcecode.swift; path = ThemeView.swift; sourceTree = "<group>"; };
		CE05B70D2946469F00742390 /* ThemePicker.swift */ = {isa = PBXFileReference; lastKnownFileType = sourcecode.swift; path = ThemePicker.swift; sourceTree = "<group>"; };
		CE05B70F29466E2600742390 /* MeetingHeaderView.swift */ = {isa = PBXFileReference; lastKnownFileType = sourcecode.swift; path = MeetingHeaderView.swift; sourceTree = "<group>"; };
		CE05B711294670B900742390 /* ScrumProgressViewStyle.swift */ = {isa = PBXFileReference; lastKnownFileType = sourcecode.swift; path = ScrumProgressViewStyle.swift; sourceTree = "<group>"; };
		CE05B7132946712500742390 /* ScrumTimer.swift */ = {isa = PBXFileReference; lastKnownFileType = sourcecode.swift; path = ScrumTimer.swift; sourceTree = "<group>"; };
		CE05B7152946729400742390 /* MeetingFooterView.swift */ = {isa = PBXFileReference; lastKnownFileType = sourcecode.swift; path = MeetingFooterView.swift; sourceTree = "<group>"; };
		CE05B7172946757500742390 /* AVPlayer+Ding.swift */ = {isa = PBXFileReference; lastKnownFileType = sourcecode.swift; path = "AVPlayer+Ding.swift"; sourceTree = "<group>"; };
		CE2888A82945ECA50030B283 /* Scrumdinger.app */ = {isa = PBXFileReference; explicitFileType = wrapper.application; includeInIndex = 0; path = Scrumdinger.app; sourceTree = BUILT_PRODUCTS_DIR; };
		CE2888AB2945ECA50030B283 /* ScrumdingerApp.swift */ = {isa = PBXFileReference; lastKnownFileType = sourcecode.swift; path = ScrumdingerApp.swift; sourceTree = "<group>"; };
		CE2888AD2945ECA50030B283 /* MeetingView.swift */ = {isa = PBXFileReference; lastKnownFileType = sourcecode.swift; path = MeetingView.swift; sourceTree = "<group>"; };
		CE2888AF2945ECA60030B283 /* Assets.xcassets */ = {isa = PBXFileReference; lastKnownFileType = folder.assetcatalog; path = Assets.xcassets; sourceTree = "<group>"; };
		CE2888B22945ECA60030B283 /* Preview Assets.xcassets */ = {isa = PBXFileReference; lastKnownFileType = folder.assetcatalog; path = "Preview Assets.xcassets"; sourceTree = "<group>"; };
		CE2888B82945ECA70030B283 /* ScrumdingerTests.xctest */ = {isa = PBXFileReference; explicitFileType = wrapper.cfbundle; includeInIndex = 0; path = ScrumdingerTests.xctest; sourceTree = BUILT_PRODUCTS_DIR; };
		CE2888BC2945ECA70030B283 /* ScrumdingerTests.swift */ = {isa = PBXFileReference; lastKnownFileType = sourcecode.swift; path = ScrumdingerTests.swift; sourceTree = "<group>"; };
		CE2888C22945ECA70030B283 /* ScrumdingerUITests.xctest */ = {isa = PBXFileReference; explicitFileType = wrapper.cfbundle; includeInIndex = 0; path = ScrumdingerUITests.xctest; sourceTree = BUILT_PRODUCTS_DIR; };
		CE2888C62945ECA70030B283 /* ScrumdingerUITests.swift */ = {isa = PBXFileReference; lastKnownFileType = sourcecode.swift; path = ScrumdingerUITests.swift; sourceTree = "<group>"; };
		CE2888C82945ECA70030B283 /* ScrumdingerUITestsLaunchTests.swift */ = {isa = PBXFileReference; lastKnownFileType = sourcecode.swift; path = ScrumdingerUITestsLaunchTests.swift; sourceTree = "<group>"; };
		CE2888D62945F9900030B283 /* Themes.swift */ = {isa = PBXFileReference; lastKnownFileType = sourcecode.swift; path = Themes.swift; sourceTree = "<group>"; };
		CE2888D82945FACD0030B283 /* DailyScrum.swift */ = {isa = PBXFileReference; lastKnownFileType = sourcecode.swift; path = DailyScrum.swift; sourceTree = "<group>"; };
		CE2888DA2945FB8F0030B283 /* CardView.swift */ = {isa = PBXFileReference; lastKnownFileType = sourcecode.swift; path = CardView.swift; sourceTree = "<group>"; };
		CE2888DD29460B5A0030B283 /* TrailingIconLabelStyle.swift */ = {isa = PBXFileReference; lastKnownFileType = sourcecode.swift; path = TrailingIconLabelStyle.swift; sourceTree = "<group>"; };
		CE2888E029460DD20030B283 /* ScrumsView.swift */ = {isa = PBXFileReference; lastKnownFileType = sourcecode.swift; path = ScrumsView.swift; sourceTree = "<group>"; };
		CE7BE52C29467A32005DFBE3 /* ding.wav */ = {isa = PBXFileReference; lastKnownFileType = audio.wav; path = ding.wav; sourceTree = "<group>"; };
/* End PBXFileReference section */

/* Begin PBXFrameworksBuildPhase section */
		CE2888A52945ECA50030B283 /* Frameworks */ = {
			isa = PBXFrameworksBuildPhase;
			buildActionMask = 2147483647;
			files = (
			);
			runOnlyForDeploymentPostprocessing = 0;
		};
		CE2888B52945ECA70030B283 /* Frameworks */ = {
			isa = PBXFrameworksBuildPhase;
			buildActionMask = 2147483647;
			files = (
			);
			runOnlyForDeploymentPostprocessing = 0;
		};
		CE2888BF2945ECA70030B283 /* Frameworks */ = {
			isa = PBXFrameworksBuildPhase;
			buildActionMask = 2147483647;
			files = (
			);
			runOnlyForDeploymentPostprocessing = 0;
		};
/* End PBXFrameworksBuildPhase section */

/* Begin PBXGroup section */
		CE05B719294675AC00742390 /* Resources */ = {
			isa = PBXGroup;
			children = (
				CE7BE52C29467A32005DFBE3 /* ding.wav */,
			);
			path = Resources;
			sourceTree = "<group>";
		};
		CE28889F2945ECA50030B283 = {
			isa = PBXGroup;
			children = (
				CE2888AA2945ECA50030B283 /* Scrumdinger */,
				CE2888BB2945ECA70030B283 /* ScrumdingerTests */,
				CE2888C52945ECA70030B283 /* ScrumdingerUITests */,
				CE2888A92945ECA50030B283 /* Products */,
			);
			sourceTree = "<group>";
		};
		CE2888A92945ECA50030B283 /* Products */ = {
			isa = PBXGroup;
			children = (
				CE2888A82945ECA50030B283 /* Scrumdinger.app */,
				CE2888B82945ECA70030B283 /* ScrumdingerTests.xctest */,
				CE2888C22945ECA70030B283 /* ScrumdingerUITests.xctest */,
			);
			name = Products;
			sourceTree = "<group>";
		};
		CE2888AA2945ECA50030B283 /* Scrumdinger */ = {
			isa = PBXGroup;
			children = (
				CE05B719294675AC00742390 /* Resources */,
				CE2888DF29460DC20030B283 /* Views */,
				CE2888DC29460B2A0030B283 /* Styles */,
				CE2888D52945F96D0030B283 /* Models */,
				CE2888AB2945ECA50030B283 /* ScrumdingerApp.swift */,
				CE2888AF2945ECA60030B283 /* Assets.xcassets */,
				CE2888B12945ECA60030B283 /* Preview Content */,
			);
			path = Scrumdinger;
			sourceTree = "<group>";
		};
		CE2888B12945ECA60030B283 /* Preview Content */ = {
			isa = PBXGroup;
			children = (
				CE2888B22945ECA60030B283 /* Preview Assets.xcassets */,
			);
			path = "Preview Content";
			sourceTree = "<group>";
		};
		CE2888BB2945ECA70030B283 /* ScrumdingerTests */ = {
			isa = PBXGroup;
			children = (
				CE2888BC2945ECA70030B283 /* ScrumdingerTests.swift */,
			);
			path = ScrumdingerTests;
			sourceTree = "<group>";
		};
		CE2888C52945ECA70030B283 /* ScrumdingerUITests */ = {
			isa = PBXGroup;
			children = (
				CE2888C62945ECA70030B283 /* ScrumdingerUITests.swift */,
				CE2888C82945ECA70030B283 /* ScrumdingerUITestsLaunchTests.swift */,
			);
			path = ScrumdingerUITests;
			sourceTree = "<group>";
		};
		CE2888D52945F96D0030B283 /* Models */ = {
			isa = PBXGroup;
			children = (
				CE2888D62945F9900030B283 /* Themes.swift */,
				CE2888D82945FACD0030B283 /* DailyScrum.swift */,
				CE2888DA2945FB8F0030B283 /* CardView.swift */,
				CE05B7132946712500742390 /* ScrumTimer.swift */,
				CE05B7172946757500742390 /* AVPlayer+Ding.swift */,
			);
			path = Models;
			sourceTree = "<group>";
		};
		CE2888DC29460B2A0030B283 /* Styles */ = {
			isa = PBXGroup;
			children = (
				CE2888DD29460B5A0030B283 /* TrailingIconLabelStyle.swift */,
				CE05B711294670B900742390 /* ScrumProgressViewStyle.swift */,
			);
			path = Styles;
			sourceTree = "<group>";
		};
		CE2888DF29460DC20030B283 /* Views */ = {
			isa = PBXGroup;
			children = (
				CE2888AD2945ECA50030B283 /* MeetingView.swift */,
				CE2888E029460DD20030B283 /* ScrumsView.swift */,
				CE05B70729462A9500742390 /* DetailView.swift */,
				CE05B70929463BDF00742390 /* DetailEditView.swift */,
				CE05B70B294645F500742390 /* ThemeView.swift */,
				CE05B70D2946469F00742390 /* ThemePicker.swift */,
				CE05B70F29466E2600742390 /* MeetingHeaderView.swift */,
				CE05B7152946729400742390 /* MeetingFooterView.swift */,
			);
			path = Views;
			sourceTree = "<group>";
		};
/* End PBXGroup section */

/* Begin PBXNativeTarget section */
		CE2888A72945ECA50030B283 /* Scrumdinger */ = {
			isa = PBXNativeTarget;
			buildConfigurationList = CE2888CC2945ECA70030B283 /* Build configuration list for PBXNativeTarget "Scrumdinger" */;
			buildPhases = (
				CE2888A42945ECA50030B283 /* Sources */,
				CE2888A52945ECA50030B283 /* Frameworks */,
				CE2888A62945ECA50030B283 /* Resources */,
			);
			buildRules = (
			);
			dependencies = (
			);
			name = Scrumdinger;
			productName = Scrumdinger;
			productReference = CE2888A82945ECA50030B283 /* Scrumdinger.app */;
			productType = "com.apple.product-type.application";
		};
		CE2888B72945ECA70030B283 /* ScrumdingerTests */ = {
			isa = PBXNativeTarget;
			buildConfigurationList = CE2888CF2945ECA70030B283 /* Build configuration list for PBXNativeTarget "ScrumdingerTests" */;
			buildPhases = (
				CE2888B42945ECA70030B283 /* Sources */,
				CE2888B52945ECA70030B283 /* Frameworks */,
				CE2888B62945ECA70030B283 /* Resources */,
			);
			buildRules = (
			);
			dependencies = (
				CE2888BA2945ECA70030B283 /* PBXTargetDependency */,
			);
			name = ScrumdingerTests;
			productName = ScrumdingerTests;
			productReference = CE2888B82945ECA70030B283 /* ScrumdingerTests.xctest */;
			productType = "com.apple.product-type.bundle.unit-test";
		};
		CE2888C12945ECA70030B283 /* ScrumdingerUITests */ = {
			isa = PBXNativeTarget;
			buildConfigurationList = CE2888D22945ECA70030B283 /* Build configuration list for PBXNativeTarget "ScrumdingerUITests" */;
			buildPhases = (
				CE2888BE2945ECA70030B283 /* Sources */,
				CE2888BF2945ECA70030B283 /* Frameworks */,
				CE2888C02945ECA70030B283 /* Resources */,
			);
			buildRules = (
			);
			dependencies = (
				CE2888C42945ECA70030B283 /* PBXTargetDependency */,
			);
			name = ScrumdingerUITests;
			productName = ScrumdingerUITests;
			productReference = CE2888C22945ECA70030B283 /* ScrumdingerUITests.xctest */;
			productType = "com.apple.product-type.bundle.ui-testing";
		};
/* End PBXNativeTarget section */

/* Begin PBXProject section */
		CE2888A02945ECA50030B283 /* Project object */ = {
			isa = PBXProject;
			attributes = {
				BuildIndependentTargetsInParallel = 1;
				LastSwiftUpdateCheck = 1410;
				LastUpgradeCheck = 1410;
				TargetAttributes = {
					CE2888A72945ECA50030B283 = {
						CreatedOnToolsVersion = 14.1;
					};
					CE2888B72945ECA70030B283 = {
						CreatedOnToolsVersion = 14.1;
						TestTargetID = CE2888A72945ECA50030B283;
					};
					CE2888C12945ECA70030B283 = {
						CreatedOnToolsVersion = 14.1;
						TestTargetID = CE2888A72945ECA50030B283;
					};
				};
			};
			buildConfigurationList = CE2888A32945ECA50030B283 /* Build configuration list for PBXProject "Scrumdinger" */;
			compatibilityVersion = "Xcode 14.0";
			developmentRegion = en;
			hasScannedForEncodings = 0;
			knownRegions = (
				en,
				Base,
			);
			mainGroup = CE28889F2945ECA50030B283;
			productRefGroup = CE2888A92945ECA50030B283 /* Products */;
			projectDirPath = "";
			projectRoot = "";
			targets = (
				CE2888A72945ECA50030B283 /* Scrumdinger */,
				CE2888B72945ECA70030B283 /* ScrumdingerTests */,
				CE2888C12945ECA70030B283 /* ScrumdingerUITests */,
			);
		};
/* End PBXProject section */

/* Begin PBXResourcesBuildPhase section */
		CE2888A62945ECA50030B283 /* Resources */ = {
			isa = PBXResourcesBuildPhase;
			buildActionMask = 2147483647;
			files = (
				CE7BE52D29467A32005DFBE3 /* ding.wav in Resources */,
				CE2888B32945ECA60030B283 /* Preview Assets.xcassets in Resources */,
				CE2888B02945ECA60030B283 /* Assets.xcassets in Resources */,
			);
			runOnlyForDeploymentPostprocessing = 0;
		};
		CE2888B62945ECA70030B283 /* Resources */ = {
			isa = PBXResourcesBuildPhase;
			buildActionMask = 2147483647;
			files = (
			);
			runOnlyForDeploymentPostprocessing = 0;
		};
		CE2888C02945ECA70030B283 /* Resources */ = {
			isa = PBXResourcesBuildPhase;
			buildActionMask = 2147483647;
			files = (
			);
			runOnlyForDeploymentPostprocessing = 0;
		};
/* End PBXResourcesBuildPhase section */

/* Begin PBXSourcesBuildPhase section */
		CE2888A42945ECA50030B283 /* Sources */ = {
			isa = PBXSourcesBuildPhase;
			buildActionMask = 2147483647;
			files = (
				CE05B70E2946469F00742390 /* ThemePicker.swift in Sources */,
				CE05B712294670B900742390 /* ScrumProgressViewStyle.swift in Sources */,
				CE05B7162946729400742390 /* MeetingFooterView.swift in Sources */,
				CE05B7142946712500742390 /* ScrumTimer.swift in Sources */,
				CE2888D92945FACD0030B283 /* DailyScrum.swift in Sources */,
				CE05B70829462A9500742390 /* DetailView.swift in Sources */,
				CE05B71029466E2600742390 /* MeetingHeaderView.swift in Sources */,
				CE05B70A29463BDF00742390 /* DetailEditView.swift in Sources */,
				CE2888DE29460B5A0030B283 /* TrailingIconLabelStyle.swift in Sources */,
				CE2888AE2945ECA50030B283 /* MeetingView.swift in Sources */,
				CE2888E129460DD20030B283 /* ScrumsView.swift in Sources */,
				CE2888D72945F9900030B283 /* Themes.swift in Sources */,
				CE2888AC2945ECA50030B283 /* ScrumdingerApp.swift in Sources */,
				CE05B70C294645F500742390 /* ThemeView.swift in Sources */,
				CE2888DB2945FB8F0030B283 /* CardView.swift in Sources */,
				CE05B7182946757500742390 /* AVPlayer+Ding.swift in Sources */,
			);
			runOnlyForDeploymentPostprocessing = 0;
		};
		CE2888B42945ECA70030B283 /* Sources */ = {
			isa = PBXSourcesBuildPhase;
			buildActionMask = 2147483647;
			files = (
				CE2888BD2945ECA70030B283 /* ScrumdingerTests.swift in Sources */,
			);
			runOnlyForDeploymentPostprocessing = 0;
		};
		CE2888BE2945ECA70030B283 /* Sources */ = {
			isa = PBXSourcesBuildPhase;
			buildActionMask = 2147483647;
			files = (
				CE2888C92945ECA70030B283 /* ScrumdingerUITestsLaunchTests.swift in Sources */,
				CE2888C72945ECA70030B283 /* ScrumdingerUITests.swift in Sources */,
			);
			runOnlyForDeploymentPostprocessing = 0;
		};
/* End PBXSourcesBuildPhase section */

/* Begin PBXTargetDependency section */
		CE2888BA2945ECA70030B283 /* PBXTargetDependency */ = {
			isa = PBXTargetDependency;
			target = CE2888A72945ECA50030B283 /* Scrumdinger */;
			targetProxy = CE2888B92945ECA70030B283 /* PBXContainerItemProxy */;
		};
		CE2888C42945ECA70030B283 /* PBXTargetDependency */ = {
			isa = PBXTargetDependency;
			target = CE2888A72945ECA50030B283 /* Scrumdinger */;
			targetProxy = CE2888C32945ECA70030B283 /* PBXContainerItemProxy */;
		};
/* End PBXTargetDependency section */

/* Begin XCBuildConfiguration section */
		CE2888CA2945ECA70030B283 /* Debug */ = {
			isa = XCBuildConfiguration;
			buildSettings = {
				ALWAYS_SEARCH_USER_PATHS = NO;
				CLANG_ANALYZER_NONNULL = YES;
				CLANG_ANALYZER_NUMBER_OBJECT_CONVERSION = YES_AGGRESSIVE;
				CLANG_CXX_LANGUAGE_STANDARD = "gnu++20";
				CLANG_ENABLE_MODULES = YES;
				CLANG_ENABLE_OBJC_ARC = YES;
				CLANG_ENABLE_OBJC_WEAK = YES;
				CLANG_WARN_BLOCK_CAPTURE_AUTORELEASING = YES;
				CLANG_WARN_BOOL_CONVERSION = YES;
				CLANG_WARN_COMMA = YES;
				CLANG_WARN_CONSTANT_CONVERSION = YES;
				CLANG_WARN_DEPRECATED_OBJC_IMPLEMENTATIONS = YES;
				CLANG_WARN_DIRECT_OBJC_ISA_USAGE = YES_ERROR;
				CLANG_WARN_DOCUMENTATION_COMMENTS = YES;
				CLANG_WARN_EMPTY_BODY = YES;
				CLANG_WARN_ENUM_CONVERSION = YES;
				CLANG_WARN_INFINITE_RECURSION = YES;
				CLANG_WARN_INT_CONVERSION = YES;
				CLANG_WARN_NON_LITERAL_NULL_CONVERSION = YES;
				CLANG_WARN_OBJC_IMPLICIT_RETAIN_SELF = YES;
				CLANG_WARN_OBJC_LITERAL_CONVERSION = YES;
				CLANG_WARN_OBJC_ROOT_CLASS = YES_ERROR;
				CLANG_WARN_QUOTED_INCLUDE_IN_FRAMEWORK_HEADER = YES;
				CLANG_WARN_RANGE_LOOP_ANALYSIS = YES;
				CLANG_WARN_STRICT_PROTOTYPES = YES;
				CLANG_WARN_SUSPICIOUS_MOVE = YES;
				CLANG_WARN_UNGUARDED_AVAILABILITY = YES_AGGRESSIVE;
				CLANG_WARN_UNREACHABLE_CODE = YES;
				CLANG_WARN__DUPLICATE_METHOD_MATCH = YES;
				COPY_PHASE_STRIP = NO;
				DEBUG_INFORMATION_FORMAT = dwarf;
				ENABLE_STRICT_OBJC_MSGSEND = YES;
				ENABLE_TESTABILITY = YES;
				GCC_C_LANGUAGE_STANDARD = gnu11;
				GCC_DYNAMIC_NO_PIC = NO;
				GCC_NO_COMMON_BLOCKS = YES;
				GCC_OPTIMIZATION_LEVEL = 0;
				GCC_PREPROCESSOR_DEFINITIONS = (
					"DEBUG=1",
					"$(inherited)",
				);
				GCC_WARN_64_TO_32_BIT_CONVERSION = YES;
				GCC_WARN_ABOUT_RETURN_TYPE = YES_ERROR;
				GCC_WARN_UNDECLARED_SELECTOR = YES;
				GCC_WARN_UNINITIALIZED_AUTOS = YES_AGGRESSIVE;
				GCC_WARN_UNUSED_FUNCTION = YES;
				GCC_WARN_UNUSED_VARIABLE = YES;
				IPHONEOS_DEPLOYMENT_TARGET = 16.1;
				MTL_ENABLE_DEBUG_INFO = INCLUDE_SOURCE;
				MTL_FAST_MATH = YES;
				ONLY_ACTIVE_ARCH = YES;
				SDKROOT = iphoneos;
				SWIFT_ACTIVE_COMPILATION_CONDITIONS = DEBUG;
				SWIFT_OPTIMIZATION_LEVEL = "-Onone";
			};
			name = Debug;
		};
		CE2888CB2945ECA70030B283 /* Release */ = {
			isa = XCBuildConfiguration;
			buildSettings = {
				ALWAYS_SEARCH_USER_PATHS = NO;
				CLANG_ANALYZER_NONNULL = YES;
				CLANG_ANALYZER_NUMBER_OBJECT_CONVERSION = YES_AGGRESSIVE;
				CLANG_CXX_LANGUAGE_STANDARD = "gnu++20";
				CLANG_ENABLE_MODULES = YES;
				CLANG_ENABLE_OBJC_ARC = YES;
				CLANG_ENABLE_OBJC_WEAK = YES;
				CLANG_WARN_BLOCK_CAPTURE_AUTORELEASING = YES;
				CLANG_WARN_BOOL_CONVERSION = YES;
				CLANG_WARN_COMMA = YES;
				CLANG_WARN_CONSTANT_CONVERSION = YES;
				CLANG_WARN_DEPRECATED_OBJC_IMPLEMENTATIONS = YES;
				CLANG_WARN_DIRECT_OBJC_ISA_USAGE = YES_ERROR;
				CLANG_WARN_DOCUMENTATION_COMMENTS = YES;
				CLANG_WARN_EMPTY_BODY = YES;
				CLANG_WARN_ENUM_CONVERSION = YES;
				CLANG_WARN_INFINITE_RECURSION = YES;
				CLANG_WARN_INT_CONVERSION = YES;
				CLANG_WARN_NON_LITERAL_NULL_CONVERSION = YES;
				CLANG_WARN_OBJC_IMPLICIT_RETAIN_SELF = YES;
				CLANG_WARN_OBJC_LITERAL_CONVERSION = YES;
				CLANG_WARN_OBJC_ROOT_CLASS = YES_ERROR;
				CLANG_WARN_QUOTED_INCLUDE_IN_FRAMEWORK_HEADER = YES;
				CLANG_WARN_RANGE_LOOP_ANALYSIS = YES;
				CLANG_WARN_STRICT_PROTOTYPES = YES;
				CLANG_WARN_SUSPICIOUS_MOVE = YES;
				CLANG_WARN_UNGUARDED_AVAILABILITY = YES_AGGRESSIVE;
				CLANG_WARN_UNREACHABLE_CODE = YES;
				CLANG_WARN__DUPLICATE_METHOD_MATCH = YES;
				COPY_PHASE_STRIP = NO;
				DEBUG_INFORMATION_FORMAT = "dwarf-with-dsym";
				ENABLE_NS_ASSERTIONS = NO;
				ENABLE_STRICT_OBJC_MSGSEND = YES;
				GCC_C_LANGUAGE_STANDARD = gnu11;
				GCC_NO_COMMON_BLOCKS = YES;
				GCC_WARN_64_TO_32_BIT_CONVERSION = YES;
				GCC_WARN_ABOUT_RETURN_TYPE = YES_ERROR;
				GCC_WARN_UNDECLARED_SELECTOR = YES;
				GCC_WARN_UNINITIALIZED_AUTOS = YES_AGGRESSIVE;
				GCC_WARN_UNUSED_FUNCTION = YES;
				GCC_WARN_UNUSED_VARIABLE = YES;
				IPHONEOS_DEPLOYMENT_TARGET = 16.1;
				MTL_ENABLE_DEBUG_INFO = NO;
				MTL_FAST_MATH = YES;
				SDKROOT = iphoneos;
				SWIFT_COMPILATION_MODE = wholemodule;
				SWIFT_OPTIMIZATION_LEVEL = "-O";
				VALIDATE_PRODUCT = YES;
			};
			name = Release;
		};
		CE2888CD2945ECA70030B283 /* Debug */ = {
			isa = XCBuildConfiguration;
			buildSettings = {
				ASSETCATALOG_COMPILER_APPICON_NAME = AppIcon;
				ASSETCATALOG_COMPILER_GLOBAL_ACCENT_COLOR_NAME = AccentColor;
				CODE_SIGN_STYLE = Automatic;
				CURRENT_PROJECT_VERSION = 1;
				DEVELOPMENT_ASSET_PATHS = "\"Scrumdinger/Preview Content\"";
				DEVELOPMENT_TEAM = AYNN59G89Y;
				ENABLE_PREVIEWS = YES;
				GENERATE_INFOPLIST_FILE = YES;
				INFOPLIST_KEY_UIApplicationSceneManifest_Generation = YES;
				INFOPLIST_KEY_UIApplicationSupportsIndirectInputEvents = YES;
				INFOPLIST_KEY_UILaunchScreen_Generation = YES;
				INFOPLIST_KEY_UISupportedInterfaceOrientations_iPad = "UIInterfaceOrientationPortrait UIInterfaceOrientationPortraitUpsideDown UIInterfaceOrientationLandscapeLeft UIInterfaceOrientationLandscapeRight";
				INFOPLIST_KEY_UISupportedInterfaceOrientations_iPhone = "UIInterfaceOrientationPortrait UIInterfaceOrientationLandscapeLeft UIInterfaceOrientationLandscapeRight";
				LD_RUNPATH_SEARCH_PATHS = (
					"$(inherited)",
					"@executable_path/Frameworks",
				);
				MARKETING_VERSION = 1.0;
				PRODUCT_BUNDLE_IDENTIFIER = "com.my.first-project.Scrumdinger";
				PRODUCT_NAME = "$(TARGET_NAME)";
				SWIFT_EMIT_LOC_STRINGS = YES;
				SWIFT_VERSION = 5.0;
				TARGETED_DEVICE_FAMILY = "1,2";
			};
			name = Debug;
		};
		CE2888CE2945ECA70030B283 /* Release */ = {
			isa = XCBuildConfiguration;
			buildSettings = {
				ASSETCATALOG_COMPILER_APPICON_NAME = AppIcon;
				ASSETCATALOG_COMPILER_GLOBAL_ACCENT_COLOR_NAME = AccentColor;
				CODE_SIGN_STYLE = Automatic;
				CURRENT_PROJECT_VERSION = 1;
				DEVELOPMENT_ASSET_PATHS = "\"Scrumdinger/Preview Content\"";
				DEVELOPMENT_TEAM = AYNN59G89Y;
				ENABLE_PREVIEWS = YES;
				GENERATE_INFOPLIST_FILE = YES;
				INFOPLIST_KEY_UIApplicationSceneManifest_Generation = YES;
				INFOPLIST_KEY_UIApplicationSupportsIndirectInputEvents = YES;
				INFOPLIST_KEY_UILaunchScreen_Generation = YES;
				INFOPLIST_KEY_UISupportedInterfaceOrientations_iPad = "UIInterfaceOrientationPortrait UIInterfaceOrientationPortraitUpsideDown UIInterfaceOrientationLandscapeLeft UIInterfaceOrientationLandscapeRight";
				INFOPLIST_KEY_UISupportedInterfaceOrientations_iPhone = "UIInterfaceOrientationPortrait UIInterfaceOrientationLandscapeLeft UIInterfaceOrientationLandscapeRight";
				LD_RUNPATH_SEARCH_PATHS = (
					"$(inherited)",
					"@executable_path/Frameworks",
				);
				MARKETING_VERSION = 1.0;
				PRODUCT_BUNDLE_IDENTIFIER = "com.my.first-project.Scrumdinger";
				PRODUCT_NAME = "$(TARGET_NAME)";
				SWIFT_EMIT_LOC_STRINGS = YES;
				SWIFT_VERSION = 5.0;
				TARGETED_DEVICE_FAMILY = "1,2";
			};
			name = Release;
		};
		CE2888D02945ECA70030B283 /* Debug */ = {
			isa = XCBuildConfiguration;
			buildSettings = {
				ALWAYS_EMBED_SWIFT_STANDARD_LIBRARIES = YES;
				BUNDLE_LOADER = "$(TEST_HOST)";
				CODE_SIGN_STYLE = Automatic;
				CURRENT_PROJECT_VERSION = 1;
				DEVELOPMENT_TEAM = AYNN59G89Y;
				GENERATE_INFOPLIST_FILE = YES;
				IPHONEOS_DEPLOYMENT_TARGET = 16.1;
				MARKETING_VERSION = 1.0;
				PRODUCT_BUNDLE_IDENTIFIER = "com.my.first-project.ScrumdingerTests";
				PRODUCT_NAME = "$(TARGET_NAME)";
				SWIFT_EMIT_LOC_STRINGS = NO;
				SWIFT_VERSION = 5.0;
				TARGETED_DEVICE_FAMILY = "1,2";
				TEST_HOST = "$(BUILT_PRODUCTS_DIR)/Scrumdinger.app/$(BUNDLE_EXECUTABLE_FOLDER_PATH)/Scrumdinger";
			};
			name = Debug;
		};
		CE2888D12945ECA70030B283 /* Release */ = {
			isa = XCBuildConfiguration;
			buildSettings = {
				ALWAYS_EMBED_SWIFT_STANDARD_LIBRARIES = YES;
				BUNDLE_LOADER = "$(TEST_HOST)";
				CODE_SIGN_STYLE = Automatic;
				CURRENT_PROJECT_VERSION = 1;
				DEVELOPMENT_TEAM = AYNN59G89Y;
				GENERATE_INFOPLIST_FILE = YES;
				IPHONEOS_DEPLOYMENT_TARGET = 16.1;
				MARKETING_VERSION = 1.0;
				PRODUCT_BUNDLE_IDENTIFIER = "com.my.first-project.ScrumdingerTests";
				PRODUCT_NAME = "$(TARGET_NAME)";
				SWIFT_EMIT_LOC_STRINGS = NO;
				SWIFT_VERSION = 5.0;
				TARGETED_DEVICE_FAMILY = "1,2";
				TEST_HOST = "$(BUILT_PRODUCTS_DIR)/Scrumdinger.app/$(BUNDLE_EXECUTABLE_FOLDER_PATH)/Scrumdinger";
			};
			name = Release;
		};
		CE2888D32945ECA70030B283 /* Debug */ = {
			isa = XCBuildConfiguration;
			buildSettings = {
				ALWAYS_EMBED_SWIFT_STANDARD_LIBRARIES = YES;
				CODE_SIGN_STYLE = Automatic;
				CURRENT_PROJECT_VERSION = 1;
				DEVELOPMENT_TEAM = AYNN59G89Y;
				GENERATE_INFOPLIST_FILE = YES;
				MARKETING_VERSION = 1.0;
				PRODUCT_BUNDLE_IDENTIFIER = "com.my.first-project.ScrumdingerUITests";
				PRODUCT_NAME = "$(TARGET_NAME)";
				SWIFT_EMIT_LOC_STRINGS = NO;
				SWIFT_VERSION = 5.0;
				TARGETED_DEVICE_FAMILY = "1,2";
				TEST_TARGET_NAME = Scrumdinger;
			};
			name = Debug;
		};
		CE2888D42945ECA70030B283 /* Release */ = {
			isa = XCBuildConfiguration;
			buildSettings = {
				ALWAYS_EMBED_SWIFT_STANDARD_LIBRARIES = YES;
				CODE_SIGN_STYLE = Automatic;
				CURRENT_PROJECT_VERSION = 1;
				DEVELOPMENT_TEAM = AYNN59G89Y;
				GENERATE_INFOPLIST_FILE = YES;
				MARKETING_VERSION = 1.0;
				PRODUCT_BUNDLE_IDENTIFIER = "com.my.first-project.ScrumdingerUITests";
				PRODUCT_NAME = "$(TARGET_NAME)";
				SWIFT_EMIT_LOC_STRINGS = NO;
				SWIFT_VERSION = 5.0;
				TARGETED_DEVICE_FAMILY = "1,2";
				TEST_TARGET_NAME = Scrumdinger;
			};
			name = Release;
		};
/* End XCBuildConfiguration section */

/* Begin XCConfigurationList section */
		CE2888A32945ECA50030B283 /* Build configuration list for PBXProject "Scrumdinger" */ = {
			isa = XCConfigurationList;
			buildConfigurations = (
				CE2888CA2945ECA70030B283 /* Debug */,
				CE2888CB2945ECA70030B283 /* Release */,
			);
			defaultConfigurationIsVisible = 0;
			defaultConfigurationName = Release;
		};
		CE2888CC2945ECA70030B283 /* Build configuration list for PBXNativeTarget "Scrumdinger" */ = {
			isa = XCConfigurationList;
			buildConfigurations = (
				CE2888CD2945ECA70030B283 /* Debug */,
				CE2888CE2945ECA70030B283 /* Release */,
			);
			defaultConfigurationIsVisible = 0;
			defaultConfigurationName = Release;
		};
		CE2888CF2945ECA70030B283 /* Build configuration list for PBXNativeTarget "ScrumdingerTests" */ = {
			isa = XCConfigurationList;
			buildConfigurations = (
				CE2888D02945ECA70030B283 /* Debug */,
				CE2888D12945ECA70030B283 /* Release */,
			);
			defaultConfigurationIsVisible = 0;
			defaultConfigurationName = Release;
		};
		CE2888D22945ECA70030B283 /* Build configuration list for PBXNativeTarget "ScrumdingerUITests" */ = {
			isa = XCConfigurationList;
			buildConfigurations = (
				CE2888D32945ECA70030B283 /* Debug */,
				CE2888D42945ECA70030B283 /* Release */,
			);
			defaultConfigurationIsVisible = 0;
			defaultConfigurationName = Release;
		};
/* End XCConfigurationList section */
	};
	rootObject = CE2888A02945ECA50030B283 /* Project object */;
}
